{
	"requires": true,
	"lockfileVersion": 1,
	"dependencies": {
		"meow": {
			"version": "3.7.0",
			"resolved": "https://registry.npmjs.org/meow/-/meow-3.7.0.tgz",
			"integrity": "sha1-cstmi0JSKCkKu/qFaJJYcwioAfs=",
			"requires": {
				"camelcase-keys": "2.1.0",
				"decamelize": "1.2.0",
				"loud-rejection": "1.6.0",
				"map-obj": "1.0.1",
				"minimist": "1.2.0",
				"normalize-package-data": "2.4.0",
				"object-assign": "4.1.1",
				"read-pkg-up": "1.0.1",
				"redent": "1.0.0",
				"trim-newlines": "1.0.0"
			},
			"dependencies": {
				"array-find-index": {
					"version": "1.0.2",
					"resolved": "https://registry.npmjs.org/array-find-index/-/array-find-index-1.0.2.tgz",
					"integrity": "sha1-3wEKoSh+Fku9pvlyOwqWoexBh6E="
				},
				"builtin-modules": {
					"version": "1.1.1",
					"resolved": "https://registry.npmjs.org/builtin-modules/-/builtin-modules-1.1.1.tgz",
					"integrity": "sha1-Jw8HbFpywC9bZaR9+Uxf46J4iS8="
				},
				"camelcase": {
					"version": "2.1.1",
					"resolved": "https://registry.npmjs.org/camelcase/-/camelcase-2.1.1.tgz",
					"integrity": "sha1-fB0W1nmhu+WcoCys7PsBHiAfWh8="
				},
				"camelcase-keys": {
					"version": "2.1.0",
					"resolved": "https://registry.npmjs.org/camelcase-keys/-/camelcase-keys-2.1.0.tgz",
					"integrity": "sha1-MIvur/3ygRkFHvodkyITyRuPkuc=",
					"requires": {
						"camelcase": "2.1.1",
						"map-obj": "1.0.1"
					}
				},
				"currently-unhandled": {
					"version": "0.4.1",
					"resolved": "https://registry.npmjs.org/currently-unhandled/-/currently-unhandled-0.4.1.tgz",
					"integrity": "sha1-mI3zP+qxke95mmE2nddsF635V+o=",
					"requires": {
						"array-find-index": "1.0.2"
					}
				},
				"decamelize": {
					"version": "1.2.0",
					"resolved": "https://registry.npmjs.org/decamelize/-/decamelize-1.2.0.tgz",
					"integrity": "sha1-9lNNFRSCabIDUue+4m9QH5oZEpA="
				},
				"error-ex": {
					"version": "1.3.1",
					"resolved": "https://registry.npmjs.org/error-ex/-/error-ex-1.3.1.tgz",
					"integrity": "sha1-+FWobOYa3E6GIcPNoh56dhLDqNw=",
					"requires": {
						"is-arrayish": "0.2.1"
					}
				},
				"find-up": {
					"version": "1.1.2",
					"resolved": "https://registry.npmjs.org/find-up/-/find-up-1.1.2.tgz",
					"integrity": "sha1-ay6YIrGizgpgq2TWEOzK1TyyTQ8=",
					"requires": {
						"path-exists": "2.1.0",
						"pinkie-promise": "2.0.1"
					}
				},
				"get-stdin": {
					"version": "4.0.1",
					"resolved": "https://registry.npmjs.org/get-stdin/-/get-stdin-4.0.1.tgz",
					"integrity": "sha1-uWjGsKBDhDJJAui/Gl3zJXmkUP4="
				},
				"graceful-fs": {
					"version": "4.1.11",
					"resolved": "https://registry.npmjs.org/graceful-fs/-/graceful-fs-4.1.11.tgz",
					"integrity": "sha1-Dovf5NHduIVNZOBOp8AOKgJuVlg="
				},
				"hosted-git-info": {
					"version": "2.5.0",
					"resolved": "https://registry.npmjs.org/hosted-git-info/-/hosted-git-info-2.5.0.tgz",
					"integrity": "sha512-pNgbURSuab90KbTqvRPsseaTxOJCZBD0a7t+haSN33piP9cCM4l0CqdzAif2hUqm716UovKB2ROmiabGAKVXyg=="
				},
				"indent-string": {
					"version": "2.1.0",
					"resolved": "https://registry.npmjs.org/indent-string/-/indent-string-2.1.0.tgz",
					"integrity": "sha1-ji1INIdCEhtKghi3oTfppSBJ3IA=",
					"requires": {
						"repeating": "2.0.1"
					}
				},
				"is-arrayish": {
					"version": "0.2.1",
					"resolved": "https://registry.npmjs.org/is-arrayish/-/is-arrayish-0.2.1.tgz",
					"integrity": "sha1-d8mYQFJ6qOyxqLppe4BkWnqSap0="
				},
				"is-builtin-module": {
					"version": "1.0.0",
					"resolved": "https://registry.npmjs.org/is-builtin-module/-/is-builtin-module-1.0.0.tgz",
					"integrity": "sha1-VAVy0096wxGfj3bDDLwbHgN6/74=",
					"requires": {
						"builtin-modules": "1.1.1"
					}
				},
				"is-finite": {
					"version": "1.0.2",
					"resolved": "https://registry.npmjs.org/is-finite/-/is-finite-1.0.2.tgz",
					"integrity": "sha1-zGZ3aVYCvlUO8R6LSqYwU0K20Ko=",
					"requires": {
						"number-is-nan": "1.0.1"
					}
				},
				"is-utf8": {
					"version": "0.2.1",
					"resolved": "https://registry.npmjs.org/is-utf8/-/is-utf8-0.2.1.tgz",
					"integrity": "sha1-Sw2hRCEE0bM2NA6AeX6GXPOffXI="
				},
				"load-json-file": {
					"version": "1.1.0",
					"resolved": "https://registry.npmjs.org/load-json-file/-/load-json-file-1.1.0.tgz",
					"integrity": "sha1-lWkFcI1YtLq0wiYbBPWfMcmTdMA=",
					"requires": {
						"graceful-fs": "4.1.11",
						"parse-json": "2.2.0",
						"pify": "2.3.0",
						"pinkie-promise": "2.0.1",
						"strip-bom": "2.0.0"
					}
				},
				"loud-rejection": {
					"version": "1.6.0",
					"resolved": "https://registry.npmjs.org/loud-rejection/-/loud-rejection-1.6.0.tgz",
					"integrity": "sha1-W0b4AUft7leIcPCG0Eghz5mOVR8=",
					"requires": {
						"currently-unhandled": "0.4.1",
						"signal-exit": "3.0.2"
					}
				},
				"map-obj": {
					"version": "1.0.1",
					"resolved": "https://registry.npmjs.org/map-obj/-/map-obj-1.0.1.tgz",
					"integrity": "sha1-2TPOuSBdgr3PSIb2dCvcK03qFG0="
				},
				"minimist": {
					"version": "1.2.0",
					"resolved": "https://registry.npmjs.org/minimist/-/minimist-1.2.0.tgz",
					"integrity": "sha1-o1AIsg9BOD7sH7kU9M1d95omQoQ="
				},
				"normalize-package-data": {
					"version": "2.4.0",
					"resolved": "https://registry.npmjs.org/normalize-package-data/-/normalize-package-data-2.4.0.tgz",
					"integrity": "sha512-9jjUFbTPfEy3R/ad/2oNbKtW9Hgovl5O1FvFWKkKblNXoN/Oou6+9+KKohPK13Yc3/TyunyWhJp6gvRNR/PPAw==",
					"requires": {
						"hosted-git-info": "2.5.0",
						"is-builtin-module": "1.0.0",
						"semver": "5.5.0",
						"validate-npm-package-license": "3.0.1"
					}
				},
				"number-is-nan": {
					"version": "1.0.1",
					"resolved": "https://registry.npmjs.org/number-is-nan/-/number-is-nan-1.0.1.tgz",
					"integrity": "sha1-CXtgK1NCKlIsGvuHkDGDNpQaAR0="
				},
				"object-assign": {
					"version": "4.1.1",
					"resolved": "https://registry.npmjs.org/object-assign/-/object-assign-4.1.1.tgz",
					"integrity": "sha1-IQmtx5ZYh8/AXLvUQsrIv7s2CGM="
				},
				"parse-json": {
					"version": "2.2.0",
					"resolved": "https://registry.npmjs.org/parse-json/-/parse-json-2.2.0.tgz",
					"integrity": "sha1-9ID0BDTvgHQfhGkJn43qGPVaTck=",
					"requires": {
						"error-ex": "1.3.1"
					}
				},
				"path-exists": {
					"version": "2.1.0",
					"resolved": "https://registry.npmjs.org/path-exists/-/path-exists-2.1.0.tgz",
					"integrity": "sha1-D+tsZPD8UY2adU3V77YscCJ2H0s=",
					"requires": {
						"pinkie-promise": "2.0.1"
					}
				},
				"path-type": {
					"version": "1.1.0",
					"resolved": "https://registry.npmjs.org/path-type/-/path-type-1.1.0.tgz",
					"integrity": "sha1-WcRPfuSR2nBNpBXaWkBwuk+P5EE=",
					"requires": {
						"graceful-fs": "4.1.11",
						"pify": "2.3.0",
						"pinkie-promise": "2.0.1"
					}
				},
				"pify": {
					"version": "2.3.0",
					"resolved": "https://registry.npmjs.org/pify/-/pify-2.3.0.tgz",
					"integrity": "sha1-7RQaasBDqEnqWISY59yosVMw6Qw="
				},
				"pinkie": {
					"version": "2.0.4",
					"resolved": "https://registry.npmjs.org/pinkie/-/pinkie-2.0.4.tgz",
					"integrity": "sha1-clVrgM+g1IqXToDnckjoDtT3+HA="
				},
				"pinkie-promise": {
					"version": "2.0.1",
					"resolved": "https://registry.npmjs.org/pinkie-promise/-/pinkie-promise-2.0.1.tgz",
					"integrity": "sha1-ITXW36ejWMBprJsXh3YogihFD/o=",
					"requires": {
						"pinkie": "2.0.4"
					}
				},
				"read-pkg": {
					"version": "1.1.0",
					"resolved": "https://registry.npmjs.org/read-pkg/-/read-pkg-1.1.0.tgz",
					"integrity": "sha1-9f+qXs0pyzHAR0vKfXVra7KePyg=",
					"requires": {
						"load-json-file": "1.1.0",
						"normalize-package-data": "2.4.0",
						"path-type": "1.1.0"
					}
				},
				"read-pkg-up": {
					"version": "1.0.1",
					"resolved": "https://registry.npmjs.org/read-pkg-up/-/read-pkg-up-1.0.1.tgz",
					"integrity": "sha1-nWPBMnbAZZGNV/ACpX9AobZD+wI=",
					"requires": {
						"find-up": "1.1.2",
						"read-pkg": "1.1.0"
					}
				},
				"redent": {
					"version": "1.0.0",
					"resolved": "https://registry.npmjs.org/redent/-/redent-1.0.0.tgz",
					"integrity": "sha1-z5Fqsf1fHxbfsggi3W7H9zDCr94=",
					"requires": {
						"indent-string": "2.1.0",
						"strip-indent": "1.0.1"
					}
				},
				"repeating": {
					"version": "2.0.1",
					"resolved": "https://registry.npmjs.org/repeating/-/repeating-2.0.1.tgz",
					"integrity": "sha1-UhTFOpJtNVJwdSf7q0FdvAjQbdo=",
					"requires": {
						"is-finite": "1.0.2"
					}
				},
				"semver": {
					"version": "5.5.0",
					"resolved": "https://registry.npmjs.org/semver/-/semver-5.5.0.tgz",
					"integrity": "sha512-4SJ3dm0WAwWy/NVeioZh5AntkdJoWKxHxcmyP622fOkgHa4z3R0TdBJICINyaSDE6uNwVc8gZr+ZinwZAH4xIA=="
				},
				"signal-exit": {
					"version": "3.0.2",
					"resolved": "https://registry.npmjs.org/signal-exit/-/signal-exit-3.0.2.tgz",
					"integrity": "sha1-tf3AjxKH6hF4Yo5BXiUTK3NkbG0="
				},
				"spdx-correct": {
					"version": "1.0.2",
					"resolved": "https://registry.npmjs.org/spdx-correct/-/spdx-correct-1.0.2.tgz",
					"integrity": "sha1-SzBz2TP/UfORLwOsVRlJikFQ20A=",
					"requires": {
						"spdx-license-ids": "1.2.2"
					}
				},
				"spdx-expression-parse": {
					"version": "1.0.4",
					"resolved": "https://registry.npmjs.org/spdx-expression-parse/-/spdx-expression-parse-1.0.4.tgz",
					"integrity": "sha1-m98vIOH0DtRH++JzJmGR/O1RYmw="
				},
				"spdx-license-ids": {
					"version": "1.2.2",
					"resolved": "https://registry.npmjs.org/spdx-license-ids/-/spdx-license-ids-1.2.2.tgz",
					"integrity": "sha1-yd96NCRZSt5r0RkA1ZZpbcBrrFc="
				},
				"strip-bom": {
					"version": "2.0.0",
					"resolved": "https://registry.npmjs.org/strip-bom/-/strip-bom-2.0.0.tgz",
					"integrity": "sha1-YhmoVhZSBJHzV4i9vxRHqZx+aw4=",
					"requires": {
						"is-utf8": "0.2.1"
					}
				},
				"strip-indent": {
					"version": "1.0.1",
					"resolved": "https://registry.npmjs.org/strip-indent/-/strip-indent-1.0.1.tgz",
					"integrity": "sha1-DHlipq3vp7vUrDZkYKY4VSrhoKI=",
					"requires": {
						"get-stdin": "4.0.1"
					}
				},
				"trim-newlines": {
					"version": "1.0.0",
					"resolved": "https://registry.npmjs.org/trim-newlines/-/trim-newlines-1.0.0.tgz",
					"integrity": "sha1-WIeWa7WCpFA6QetST301ARgVphM="
				},
				"validate-npm-package-license": {
					"version": "3.0.1",
					"resolved": "https://registry.npmjs.org/validate-npm-package-license/-/validate-npm-package-license-3.0.1.tgz",
					"integrity": "sha1-KAS6vnEq0zeUWaz74kdGqywwP7w=",
					"requires": {
						"spdx-correct": "1.0.2",
						"spdx-expression-parse": "1.0.4"
					}
				}
			}
		}
	}
}
